
Microsoft Visual Studio Solution File, Format Version 12.00
# Visual Studio Version 16
VisualStudioVersion = 16.0.31729.503
MinimumVisualStudioVersion = 10.0.40219.1
Project("{FAE04EC0-301F-11D3-BF4B-00C04F79EFBC}") = "WebApi", "WebApi\WebApi.csproj", "{3D488789-91B3-4ED4-B972-93B755133417}"
EndProject
Project("{FAE04EC0-301F-11D3-BF4B-00C04F79EFBC}") = "WebAppication", "WebAppication\WebAppication.csproj", "{AFA2E4F9-6BD6-46F1-8871-6869F03D8D3E}"
EndProject
Global
	GlobalSection(SolutionConfigurationPlatforms) = preSolution
		Debug|Any CPU = Debug|Any CPU
		Release|Any CPU = Release|Any CPU
	EndGlobalSection
	GlobalSection(ProjectConfigurationPlatforms) = postSolution
		{3D488789-91B3-4ED4-B972-93B755133417}.Debug|Any CPU.ActiveCfg = Debug|Any CPU
		{3D488789-91B3-4ED4-B972-93B755133417}.Debug|Any CPU.Build.0 = Debug|Any CPU
		{3D488789-91B3-4ED4-B972-93B755133417}.Release|Any CPU.ActiveCfg = Release|Any CPU
		{3D488789-91B3-4ED4-B972-93B755133417}.Release|Any CPU.Build.0 = Release|Any CPU
		{AFA2E4F9-6BD6-46F1-8871-6869F03D8D3E}.Debug|Any CPU.ActiveCfg = Debug|Any CPU
		{AFA2E4F9-6BD6-46F1-8871-6869F03D8D3E}.Debug|Any CPU.Build.0 = Debug|Any CPU
		{AFA2E4F9-6BD6-46F1-8871-6869F03D8D3E}.Release|Any CPU.ActiveCfg = Release|Any CPU
		{AFA2E4F9-6BD6-46F1-8871-6869F03D8D3E}.Release|Any CPU.Build.0 = Release|Any CPU
	EndGlobalSection
	GlobalSection(SolutionProperties) = preSolution
		HideSolutionNode = FALSE
	EndGlobalSection
	GlobalSection(ExtensibilityGlobals) = postSolution
		SolutionGuid = {A2B5395D-7A13-4C01-B956-B6B4180AB1CB}
	EndGlobalSection
EndGlobal
